
Microsoft Visual Studio Solution File, Format Version 12.00
# Visual Studio 15
VisualStudioVersion = 15.0.26124.0
MinimumVisualStudioVersion = 15.0.26124.0
Project("{FAE04EC0-301F-11D3-BF4B-00C04F79EFBC}") = "SHRToolBox.Client", "SHRToolBox\SHRToolBox.Client.csproj", "{9688E7FE-77D6-4304-A46E-8B508AB1CCBE}"
EndProject
Project("{FAE04EC0-301F-11D3-BF4B-00C04F79EFBC}") = "SHRToolBox.Client.Tests", "SHRToolBox.Tests\SHRToolBox.Client.Tests.csproj", "{BCB2B76D-B887-45F2-822C-D9D7413DCBFA}"
EndProject
Global
	GlobalSection(SolutionConfigurationPlatforms) = preSolution
		Debug|Any CPU = Debug|Any CPU
		Debug|x64 = Debug|x64
		Debug|x86 = Debug|x86
		Release|Any CPU = Release|Any CPU
		Release|x64 = Release|x64
		Release|x86 = Release|x86
	EndGlobalSection
	GlobalSection(SolutionProperties) = preSolution
		HideSolutionNode = FALSE
	EndGlobalSection
	GlobalSection(ProjectConfigurationPlatforms) = postSolution
		{9688E7FE-77D6-4304-A46E-8B508AB1CCBE}.Debug|Any CPU.ActiveCfg = Debug|Any CPU
		{9688E7FE-77D6-4304-A46E-8B508AB1CCBE}.Debug|Any CPU.Build.0 = Debug|Any CPU
		{9688E7FE-77D6-4304-A46E-8B508AB1CCBE}.Debug|x64.ActiveCfg = Debug|Any CPU
		{9688E7FE-77D6-4304-A46E-8B508AB1CCBE}.Debug|x64.Build.0 = Debug|Any CPU
		{9688E7FE-77D6-4304-A46E-8B508AB1CCBE}.Debug|x86.ActiveCfg = Debug|Any CPU
		{9688E7FE-77D6-4304-A46E-8B508AB1CCBE}.Debug|x86.Build.0 = Debug|Any CPU
		{9688E7FE-77D6-4304-A46E-8B508AB1CCBE}.Release|Any CPU.ActiveCfg = Release|Any CPU
		{9688E7FE-77D6-4304-A46E-8B508AB1CCBE}.Release|Any CPU.Build.0 = Release|Any CPU
		{9688E7FE-77D6-4304-A46E-8B508AB1CCBE}.Release|x64.ActiveCfg = Release|Any CPU
		{9688E7FE-77D6-4304-A46E-8B508AB1CCBE}.Release|x64.Build.0 = Release|Any CPU
		{9688E7FE-77D6-4304-A46E-8B508AB1CCBE}.Release|x86.ActiveCfg = Release|Any CPU
		{9688E7FE-77D6-4304-A46E-8B508AB1CCBE}.Release|x86.Build.0 = Release|Any CPU
		{BCB2B76D-B887-45F2-822C-D9D7413DCBFA}.Debug|Any CPU.ActiveCfg = Debug|Any CPU
		{BCB2B76D-B887-45F2-822C-D9D7413DCBFA}.Debug|Any CPU.Build.0 = Debug|Any CPU
		{BCB2B76D-B887-45F2-822C-D9D7413DCBFA}.Debug|x64.ActiveCfg = Debug|Any CPU
		{BCB2B76D-B887-45F2-822C-D9D7413DCBFA}.Debug|x64.Build.0 = Debug|Any CPU
		{BCB2B76D-B887-45F2-822C-D9D7413DCBFA}.Debug|x86.ActiveCfg = Debug|Any CPU
		{BCB2B76D-B887-45F2-822C-D9D7413DCBFA}.Debug|x86.Build.0 = Debug|Any CPU
		{BCB2B76D-B887-45F2-822C-D9D7413DCBFA}.Release|Any CPU.ActiveCfg = Release|Any CPU
		{BCB2B76D-B887-45F2-822C-D9D7413DCBFA}.Release|Any CPU.Build.0 = Release|Any CPU
		{BCB2B76D-B887-45F2-822C-D9D7413DCBFA}.Release|x64.ActiveCfg = Release|Any CPU
		{BCB2B76D-B887-45F2-822C-D9D7413DCBFA}.Release|x64.Build.0 = Release|Any CPU
		{BCB2B76D-B887-45F2-822C-D9D7413DCBFA}.Release|x86.ActiveCfg = Release|Any CPU
		{BCB2B76D-B887-45F2-822C-D9D7413DCBFA}.Release|x86.Build.0 = Release|Any CPU
	EndGlobalSection
EndGlobal
